
Microsoft Visual Studio Solution File, Format Version 11.00
# Visual C++ Express 2010
Project("{8BC9CEB8-8B4A-11D0-8D11-00A0C91BC942}") = "Proy1", "Proy1\Proy1.vcxproj", "{059DDEBB-4D79-4D69-81DA-14D0CF91CA85}"
EndProject
Global
	GlobalSection(SolutionConfigurationPlatforms) = preSolution
		Debug|Win32 = Debug|Win32
		Release|Win32 = Release|Win32
	EndGlobalSection
	GlobalSection(ProjectConfigurationPlatforms) = postSolution
		{059DDEBB-4D79-4D69-81DA-14D0CF91CA85}.Debug|Win32.ActiveCfg = Debug|Win32
		{059DDEBB-4D79-4D69-81DA-14D0CF91CA85}.Debug|Win32.Build.0 = Debug|Win32
		{059DDEBB-4D79-4D69-81DA-14D0CF91CA85}.Release|Win32.ActiveCfg = Release|Win32
		{059DDEBB-4D79-4D69-81DA-14D0CF91CA85}.Release|Win32.Build.0 = Release|Win32
	EndGlobalSection
	GlobalSection(SolutionProperties) = preSolution
		HideSolutionNode = FALSE
	EndGlobalSection
EndGlobal
